
Microsoft Visual Studio Solution File, Format Version 12.00
# Visual Studio Version 17
VisualStudioVersion = 17.8.34330.188
MinimumVisualStudioVersion = 10.0.40219.1
Project("{888888A0-9F3D-457C-B088-3A5042F75D52}") = "TestPythonVS", "TestPythonVS.pyproj", "{49DB7085-B645-4AE1-99D8-7FC4675B1BE0}"
EndProject
Global
	GlobalSection(SolutionConfigurationPlatforms) = preSolution
		Debug|Any CPU = Debug|Any CPU
		Release|Any CPU = Release|Any CPU
	EndGlobalSection
	GlobalSection(ProjectConfigurationPlatforms) = postSolution
		{49DB7085-B645-4AE1-99D8-7FC4675B1BE0}.Debug|Any CPU.ActiveCfg = Debug|Any CPU
		{49DB7085-B645-4AE1-99D8-7FC4675B1BE0}.Release|Any CPU.ActiveCfg = Release|Any CPU
	EndGlobalSection
	GlobalSection(SolutionProperties) = preSolution
		HideSolutionNode = FALSE
	EndGlobalSection
	GlobalSection(ExtensibilityGlobals) = postSolution
		SolutionGuid = {6D996B5F-25CB-45C0-8799-9A1D49C02297}
	EndGlobalSection
EndGlobal
